
Microsoft Visual Studio Solution File, Format Version 12.00
# Visual Studio Version 16
VisualStudioVersion = 16.0.30406.217
MinimumVisualStudioVersion = 10.0.40219.1
Project("{FAE04EC0-301F-11D3-BF4B-00C04F79EFBC}") = "GKDLab3", "GKDLab3\GKDLab3.csproj", "{1D43F443-B447-449C-BD6A-1B113C99477E}"
EndProject
Global
	GlobalSection(SolutionConfigurationPlatforms) = preSolution
		Debug|Any CPU = Debug|Any CPU
		Release|Any CPU = Release|Any CPU
	EndGlobalSection
	GlobalSection(ProjectConfigurationPlatforms) = postSolution
		{1D43F443-B447-449C-BD6A-1B113C99477E}.Debug|Any CPU.ActiveCfg = Debug|Any CPU
		{1D43F443-B447-449C-BD6A-1B113C99477E}.Debug|Any CPU.Build.0 = Debug|Any CPU
		{1D43F443-B447-449C-BD6A-1B113C99477E}.Release|Any CPU.ActiveCfg = Release|Any CPU
		{1D43F443-B447-449C-BD6A-1B113C99477E}.Release|Any CPU.Build.0 = Release|Any CPU
	EndGlobalSection
	GlobalSection(SolutionProperties) = preSolution
		HideSolutionNode = FALSE
	EndGlobalSection
	GlobalSection(ExtensibilityGlobals) = postSolution
		SolutionGuid = {D989D32C-E2DC-4BCE-9B0D-67B61CF95513}
	EndGlobalSection
EndGlobal
