
Microsoft Visual Studio Solution File, Format Version 12.00
# Visual Studio Version 16
VisualStudioVersion = 16.0.30128.74
MinimumVisualStudioVersion = 10.0.40219.1
Project("{FAE04EC0-301F-11D3-BF4B-00C04F79EFBC}") = "Lab2(SMTRPZ)", "Lab2(SMTRPZ)\Lab2(SMTRPZ).csproj", "{AB95CFDB-3A58-4D92-B414-BEEDA5AE1972}"
EndProject
Project("{FAE04EC0-301F-11D3-BF4B-00C04F79EFBC}") = "CramersRule", "CramersRule\CramersRule.csproj", "{84274699-D4B0-4EF2-8CFB-8D52550E1C0D}"
EndProject
Global
	GlobalSection(SolutionConfigurationPlatforms) = preSolution
		Debug|Any CPU = Debug|Any CPU
		Release|Any CPU = Release|Any CPU
	EndGlobalSection
	GlobalSection(ProjectConfigurationPlatforms) = postSolution
		{AB95CFDB-3A58-4D92-B414-BEEDA5AE1972}.Debug|Any CPU.ActiveCfg = Debug|Any CPU
		{AB95CFDB-3A58-4D92-B414-BEEDA5AE1972}.Debug|Any CPU.Build.0 = Debug|Any CPU
		{AB95CFDB-3A58-4D92-B414-BEEDA5AE1972}.Release|Any CPU.ActiveCfg = Release|Any CPU
		{AB95CFDB-3A58-4D92-B414-BEEDA5AE1972}.Release|Any CPU.Build.0 = Release|Any CPU
		{84274699-D4B0-4EF2-8CFB-8D52550E1C0D}.Debug|Any CPU.ActiveCfg = Debug|Any CPU
		{84274699-D4B0-4EF2-8CFB-8D52550E1C0D}.Debug|Any CPU.Build.0 = Debug|Any CPU
		{84274699-D4B0-4EF2-8CFB-8D52550E1C0D}.Release|Any CPU.ActiveCfg = Release|Any CPU
		{84274699-D4B0-4EF2-8CFB-8D52550E1C0D}.Release|Any CPU.Build.0 = Release|Any CPU
	EndGlobalSection
	GlobalSection(SolutionProperties) = preSolution
		HideSolutionNode = FALSE
	EndGlobalSection
	GlobalSection(ExtensibilityGlobals) = postSolution
		SolutionGuid = {D371DE87-EFC4-45D0-9E79-2F90486E6FC5}
	EndGlobalSection
EndGlobal
