
Microsoft Visual Studio Solution File, Format Version 12.00
# Visual Studio Version 16
VisualStudioVersion = 16.0.31313.79
MinimumVisualStudioVersion = 10.0.40219.1
Project("{9A19103F-16F7-4668-BE54-9A1E7A4F7556}") = "EventLogger", "EventLogger\EventLogger.csproj", "{6A358D30-7FB0-4064-8619-0C3F611C0D79}"
EndProject
Project("{9A19103F-16F7-4668-BE54-9A1E7A4F7556}") = "SocketIOClient", "..\..\..\Downloads\socket.io-client-csharp-master\socket.io-client-csharp-master\src\SocketIOClient\SocketIOClient.csproj", "{1EE4A809-14E0-4B06-AC4A-29D542F0526A}"
EndProject
Global
	GlobalSection(SolutionConfigurationPlatforms) = preSolution
		Debug|Any CPU = Debug|Any CPU
		Release|Any CPU = Release|Any CPU
	EndGlobalSection
	GlobalSection(ProjectConfigurationPlatforms) = postSolution
		{6A358D30-7FB0-4064-8619-0C3F611C0D79}.Debug|Any CPU.ActiveCfg = Debug|Any CPU
		{6A358D30-7FB0-4064-8619-0C3F611C0D79}.Debug|Any CPU.Build.0 = Debug|Any CPU
		{6A358D30-7FB0-4064-8619-0C3F611C0D79}.Release|Any CPU.ActiveCfg = Release|Any CPU
		{6A358D30-7FB0-4064-8619-0C3F611C0D79}.Release|Any CPU.Build.0 = Release|Any CPU
		{1EE4A809-14E0-4B06-AC4A-29D542F0526A}.Debug|Any CPU.ActiveCfg = Debug|Any CPU
		{1EE4A809-14E0-4B06-AC4A-29D542F0526A}.Debug|Any CPU.Build.0 = Debug|Any CPU
		{1EE4A809-14E0-4B06-AC4A-29D542F0526A}.Release|Any CPU.ActiveCfg = Release|Any CPU
		{1EE4A809-14E0-4B06-AC4A-29D542F0526A}.Release|Any CPU.Build.0 = Release|Any CPU
	EndGlobalSection
	GlobalSection(SolutionProperties) = preSolution
		HideSolutionNode = FALSE
	EndGlobalSection
	GlobalSection(ExtensibilityGlobals) = postSolution
		SolutionGuid = {B5ECC0D1-E486-40BD-A2A8-3354405BECFF}
	EndGlobalSection
EndGlobal
