
Microsoft Visual Studio Solution File, Format Version 12.00
# Visual Studio Version 16
VisualStudioVersion = 16.0.30128.74
MinimumVisualStudioVersion = 10.0.40219.1
Project("{FAE04EC0-301F-11D3-BF4B-00C04F79EFBC}") = "Lab1", "Lab1\Lab1.csproj", "{AD364356-B0B6-45B4-92A6-12ACEEAE7EB7}"
EndProject
Global
	GlobalSection(SolutionConfigurationPlatforms) = preSolution
		Debug|Any CPU = Debug|Any CPU
		Release|Any CPU = Release|Any CPU
	EndGlobalSection
	GlobalSection(ProjectConfigurationPlatforms) = postSolution
		{AD364356-B0B6-45B4-92A6-12ACEEAE7EB7}.Debug|Any CPU.ActiveCfg = Debug|Any CPU
		{AD364356-B0B6-45B4-92A6-12ACEEAE7EB7}.Debug|Any CPU.Build.0 = Debug|Any CPU
		{AD364356-B0B6-45B4-92A6-12ACEEAE7EB7}.Release|Any CPU.ActiveCfg = Release|Any CPU
		{AD364356-B0B6-45B4-92A6-12ACEEAE7EB7}.Release|Any CPU.Build.0 = Release|Any CPU
	EndGlobalSection
	GlobalSection(SolutionProperties) = preSolution
		HideSolutionNode = FALSE
	EndGlobalSection
	GlobalSection(ExtensibilityGlobals) = postSolution
		SolutionGuid = {2CB9B077-431E-4C7E-9732-B215F97969D6}
	EndGlobalSection
EndGlobal
